
Microsoft Visual Studio Solution File, Format Version 12.00
# Visual Studio Version 16
VisualStudioVersion = 16.0.30717.126
MinimumVisualStudioVersion = 10.0.40219.1
Project("{9A19103F-16F7-4668-BE54-9A1E7A4F7556}") = "Facturation.Server", "Facturation\Server\Facturation.Server.csproj", "{1C13BE14-ACB2-4FCB-97ED-9F9823625A04}"
EndProject
Project("{9A19103F-16F7-4668-BE54-9A1E7A4F7556}") = "Facturation.Client", "Facturation\Client\Facturation.Client.csproj", "{6BA20FE4-F2D6-4626-9669-F70DA07A1758}"
EndProject
Project("{9A19103F-16F7-4668-BE54-9A1E7A4F7556}") = "Facturation.Shared", "Facturation\Shared\Facturation.Shared.csproj", "{0BC224FE-ED7F-47B2-8390-1F130CEC6623}"
EndProject
Global
	GlobalSection(SolutionConfigurationPlatforms) = preSolution
		Debug|Any CPU = Debug|Any CPU
		Release|Any CPU = Release|Any CPU
	EndGlobalSection
	GlobalSection(ProjectConfigurationPlatforms) = postSolution
		{1C13BE14-ACB2-4FCB-97ED-9F9823625A04}.Debug|Any CPU.ActiveCfg = Debug|Any CPU
		{1C13BE14-ACB2-4FCB-97ED-9F9823625A04}.Debug|Any CPU.Build.0 = Debug|Any CPU
		{1C13BE14-ACB2-4FCB-97ED-9F9823625A04}.Release|Any CPU.ActiveCfg = Release|Any CPU
		{1C13BE14-ACB2-4FCB-97ED-9F9823625A04}.Release|Any CPU.Build.0 = Release|Any CPU
		{6BA20FE4-F2D6-4626-9669-F70DA07A1758}.Debug|Any CPU.ActiveCfg = Debug|Any CPU
		{6BA20FE4-F2D6-4626-9669-F70DA07A1758}.Debug|Any CPU.Build.0 = Debug|Any CPU
		{6BA20FE4-F2D6-4626-9669-F70DA07A1758}.Release|Any CPU.ActiveCfg = Release|Any CPU
		{6BA20FE4-F2D6-4626-9669-F70DA07A1758}.Release|Any CPU.Build.0 = Release|Any CPU
		{0BC224FE-ED7F-47B2-8390-1F130CEC6623}.Debug|Any CPU.ActiveCfg = Debug|Any CPU
		{0BC224FE-ED7F-47B2-8390-1F130CEC6623}.Debug|Any CPU.Build.0 = Debug|Any CPU
		{0BC224FE-ED7F-47B2-8390-1F130CEC6623}.Release|Any CPU.ActiveCfg = Release|Any CPU
		{0BC224FE-ED7F-47B2-8390-1F130CEC6623}.Release|Any CPU.Build.0 = Release|Any CPU
	EndGlobalSection
	GlobalSection(SolutionProperties) = preSolution
		HideSolutionNode = FALSE
	EndGlobalSection
	GlobalSection(ExtensibilityGlobals) = postSolution
		SolutionGuid = {EDB1D8BE-4C0D-43F5-94AD-DF3B739C0EBA}
	EndGlobalSection
EndGlobal
